
Microsoft Visual Studio Solution File, Format Version 12.00
# Visual Studio 15
VisualStudioVersion = 15.0.28010.2050
MinimumVisualStudioVersion = 10.0.40219.1
Project("{FAE04EC0-301F-11D3-BF4B-00C04F79EFBC}") = "DBGenerator-FlightManagment-Part2", "DBGenerator-FlightManagment-Part2\DBGenerator-FlightManagment-Part2.csproj", "{C65D03D7-7668-4A1D-B5B3-10ACD8B3A236}"
EndProject
Global
	GlobalSection(SolutionConfigurationPlatforms) = preSolution
		Debug|Any CPU = Debug|Any CPU
		Release|Any CPU = Release|Any CPU
	EndGlobalSection
	GlobalSection(ProjectConfigurationPlatforms) = postSolution
		{C65D03D7-7668-4A1D-B5B3-10ACD8B3A236}.Debug|Any CPU.ActiveCfg = Debug|Any CPU
		{C65D03D7-7668-4A1D-B5B3-10ACD8B3A236}.Debug|Any CPU.Build.0 = Debug|Any CPU
		{C65D03D7-7668-4A1D-B5B3-10ACD8B3A236}.Release|Any CPU.ActiveCfg = Release|Any CPU
		{C65D03D7-7668-4A1D-B5B3-10ACD8B3A236}.Release|Any CPU.Build.0 = Release|Any CPU
	EndGlobalSection
	GlobalSection(SolutionProperties) = preSolution
		HideSolutionNode = FALSE
	EndGlobalSection
	GlobalSection(ExtensibilityGlobals) = postSolution
		SolutionGuid = {78FFEDA2-F5AE-494F-8568-2F00E51B7E06}
	EndGlobalSection
EndGlobal
